
Microsoft Visual Studio Solution File, Format Version 12.00
# Visual Studio Version 17
VisualStudioVersion = 17.5.33530.505
MinimumVisualStudioVersion = 10.0.40219.1
Project("{FAE04EC0-301F-11D3-BF4B-00C04F79EFBC}") = "Photo_EF_Prog", "Photo_EF_Prog\Photo_EF_Prog.csproj", "{F1DD6CE9-7A64-46E2-A965-0DB2D72FEC22}"
EndProject
Global
	GlobalSection(SolutionConfigurationPlatforms) = preSolution
		Debug|Any CPU = Debug|Any CPU
		Release|Any CPU = Release|Any CPU
	EndGlobalSection
	GlobalSection(ProjectConfigurationPlatforms) = postSolution
		{F1DD6CE9-7A64-46E2-A965-0DB2D72FEC22}.Debug|Any CPU.ActiveCfg = Debug|Any CPU
		{F1DD6CE9-7A64-46E2-A965-0DB2D72FEC22}.Debug|Any CPU.Build.0 = Debug|Any CPU
		{F1DD6CE9-7A64-46E2-A965-0DB2D72FEC22}.Release|Any CPU.ActiveCfg = Release|Any CPU
		{F1DD6CE9-7A64-46E2-A965-0DB2D72FEC22}.Release|Any CPU.Build.0 = Release|Any CPU
	EndGlobalSection
	GlobalSection(SolutionProperties) = preSolution
		HideSolutionNode = FALSE
	EndGlobalSection
	GlobalSection(ExtensibilityGlobals) = postSolution
		SolutionGuid = {E314DC56-FE5F-43D9-969A-F33AB20DFBAB}
	EndGlobalSection
EndGlobal
